
Microsoft Visual Studio Solution File, Format Version 12.00
# Visual Studio 14
VisualStudioVersion = 14.0.25420.1
MinimumVisualStudioVersion = 10.0.40219.1
Project("{8BC9CEB8-8B4A-11D0-8D11-00A0C91BC942}") = "OddsServer", "..\OddsServer\OddsServer.vcproj", "{9985FFCE-6E28-48B5-97E6-E2A10D9FB8F0}"
EndProject
Project("{8BC9CEB8-8B4A-11D0-8D11-00A0C91BC942}") = "bomb", "bomb.vcxproj", "{F04DBF6E-6E41-4A52-9B1F-8BE093469833}"
EndProject
Project("{2150E333-8FDC-42A3-9474-1A3956D46DE8}") = "Solution Items", "Solution Items", "{A270A33A-A598-4FAF-A8BA-B682E846795F}"
EndProject
Global
	GlobalSection(SolutionConfigurationPlatforms) = preSolution
		Debug|Win32 = Debug|Win32
		Release|Win32 = Release|Win32
	EndGlobalSection
	GlobalSection(ProjectConfigurationPlatforms) = postSolution
		{9985FFCE-6E28-48B5-97E6-E2A10D9FB8F0}.Debug|Win32.ActiveCfg = Debug|Win32
		{9985FFCE-6E28-48B5-97E6-E2A10D9FB8F0}.Debug|Win32.Build.0 = Debug|Win32
		{9985FFCE-6E28-48B5-97E6-E2A10D9FB8F0}.Release|Win32.ActiveCfg = Release|Win32
		{9985FFCE-6E28-48B5-97E6-E2A10D9FB8F0}.Release|Win32.Build.0 = Release|Win32
		{F04DBF6E-6E41-4A52-9B1F-8BE093469833}.Debug|Win32.ActiveCfg = Debug|Win32
		{F04DBF6E-6E41-4A52-9B1F-8BE093469833}.Debug|Win32.Build.0 = Debug|Win32
		{F04DBF6E-6E41-4A52-9B1F-8BE093469833}.Release|Win32.ActiveCfg = Release|Win32
		{F04DBF6E-6E41-4A52-9B1F-8BE093469833}.Release|Win32.Build.0 = Release|Win32
	EndGlobalSection
	GlobalSection(SolutionProperties) = preSolution
		HideSolutionNode = FALSE
	EndGlobalSection
EndGlobal
